// !$*UTF8*$!
{
	archiveVersion = 1;
	classes = {
	};
	objectVersion = 77;
	objects = {

/* Begin PBXContainerItemProxy section */
		E01AD9C12D8658A4005145F9 /* PBXContainerItemProxy */ = {
			isa = PBXContainerItemProxy;
			containerPortal = E01AD9A82D8658A2005145F9 /* Project object */;
			proxyType = 1;
			remoteGlobalIDString = E01AD9AF2D8658A2005145F9;
			remoteInfo = NYTimesApp;
		};
		E01AD9CB2D8658A4005145F9 /* PBXContainerItemProxy */ = {
			isa = PBXContainerItemProxy;
			containerPortal = E01AD9A82D8658A2005145F9 /* Project object */;
			proxyType = 1;
			remoteGlobalIDString = E01AD9AF2D8658A2005145F9;
			remoteInfo = NYTimesApp;
		};
/* End PBXContainerItemProxy section */

/* Begin PBXFileReference section */
		E01AD9B02D8658A2005145F9 /* NYTimesApp.app */ = {isa = PBXFileReference; explicitFileType = wrapper.application; includeInIndex = 0; path = NYTimesApp.app; sourceTree = BUILT_PRODUCTS_DIR; };
		E01AD9C02D8658A4005145F9 /* NYTimesAppTests.xctest */ = {isa = PBXFileReference; explicitFileType = wrapper.cfbundle; includeInIndex = 0; path = NYTimesAppTests.xctest; sourceTree = BUILT_PRODUCTS_DIR; };
		E01AD9CA2D8658A4005145F9 /* NYTimesAppUITests.xctest */ = {isa = PBXFileReference; explicitFileType = wrapper.cfbundle; includeInIndex = 0; path = NYTimesAppUITests.xctest; sourceTree = BUILT_PRODUCTS_DIR; };
/* End PBXFileReference section */

/* Begin PBXFileSystemSynchronizedBuildFileExceptionSet section */
		E03B0F332D8743B600684ED8 /* Exceptions for "NYTimesApp" folder in "NYTimesApp" target */ = {
			isa = PBXFileSystemSynchronizedBuildFileExceptionSet;
			membershipExceptions = (
				Info.plist,
			);
			target = E01AD9AF2D8658A2005145F9 /* NYTimesApp */;
		};
/* End PBXFileSystemSynchronizedBuildFileExceptionSet section */

/* Begin PBXFileSystemSynchronizedRootGroup section */
		E01AD9B22D8658A2005145F9 /* NYTimesApp */ = {
			isa = PBXFileSystemSynchronizedRootGroup;
			exceptions = (
				E03B0F332D8743B600684ED8 /* Exceptions for "NYTimesApp" folder in "NYTimesApp" target */,
			);
			path = NYTimesApp;
			sourceTree = "<group>";
		};
		E01AD9C32D8658A4005145F9 /* NYTimesAppTests */ = {
			isa = PBXFileSystemSynchronizedRootGroup;
			path = NYTimesAppTests;
			sourceTree = "<group>";
		};
		E01AD9CD2D8658A4005145F9 /* NYTimesAppUITests */ = {
			isa = PBXFileSystemSynchronizedRootGroup;
			path = NYTimesAppUITests;
			sourceTree = "<group>";
		};
/* End PBXFileSystemSynchronizedRootGroup section */

/* Begin PBXFrameworksBuildPhase section */
		E01AD9AD2D8658A2005145F9 /* Frameworks */ = {
			isa = PBXFrameworksBuildPhase;
			buildActionMask = 2147483647;
			files = (
			);
			runOnlyForDeploymentPostprocessing = 0;
		};
		E01AD9BD2D8658A4005145F9 /* Frameworks */ = {
			isa = PBXFrameworksBuildPhase;
			buildActionMask = 2147483647;
			files = (
			);
			runOnlyForDeploymentPostprocessing = 0;
		};
		E01AD9C72D8658A4005145F9 /* Frameworks */ = {
			isa = PBXFrameworksBuildPhase;
			buildActionMask = 2147483647;
			files = (
			);
			runOnlyForDeploymentPostprocessing = 0;
		};
/* End PBXFrameworksBuildPhase section */

/* Begin PBXGroup section */
		E01AD9A72D8658A2005145F9 = {
			isa = PBXGroup;
			children = (
				E01AD9B22D8658A2005145F9 /* NYTimesApp */,
				E01AD9C32D8658A4005145F9 /* NYTimesAppTests */,
				E01AD9CD2D8658A4005145F9 /* NYTimesAppUITests */,
				E01AD9B12D8658A2005145F9 /* Products */,
			);
			sourceTree = "<group>";
		};
		E01AD9B12D8658A2005145F9 /* Products */ = {
			isa = PBXGroup;
			children = (
				E01AD9B02D8658A2005145F9 /* NYTimesApp.app */,
				E01AD9C02D8658A4005145F9 /* NYTimesAppTests.xctest */,
				E01AD9CA2D8658A4005145F9 /* NYTimesAppUITests.xctest */,
			);
			name = Products;
			sourceTree = "<group>";
		};
/* End PBXGroup section */

/* Begin PBXNativeTarget section */
		E01AD9AF2D8658A2005145F9 /* NYTimesApp */ = {
			isa = PBXNativeTarget;
			buildConfigurationList = E01AD9D42D8658A4005145F9 /* Build configuration list for PBXNativeTarget "NYTimesApp" */;
			buildPhases = (
				E01AD9AC2D8658A2005145F9 /* Sources */,
				E01AD9AD2D8658A2005145F9 /* Frameworks */,
				E01AD9AE2D8658A2005145F9 /* Resources */,
			);
			buildRules = (
			);
			dependencies = (
			);
			fileSystemSynchronizedGroups = (
				E01AD9B22D8658A2005145F9 /* NYTimesApp */,
			);
			name = NYTimesApp;
			packageProductDependencies = (
			);
			productName = NYTimesApp;
			productReference = E01AD9B02D8658A2005145F9 /* NYTimesApp.app */;
			productType = "com.apple.product-type.application";
		};
		E01AD9BF2D8658A4005145F9 /* NYTimesAppTests */ = {
			isa = PBXNativeTarget;
			buildConfigurationList = E01AD9D72D8658A4005145F9 /* Build configuration list for PBXNativeTarget "NYTimesAppTests" */;
			buildPhases = (
				E01AD9BC2D8658A4005145F9 /* Sources */,
				E01AD9BD2D8658A4005145F9 /* Frameworks */,
				E01AD9BE2D8658A4005145F9 /* Resources */,
			);
			buildRules = (
			);
			dependencies = (
				E01AD9C22D8658A4005145F9 /* PBXTargetDependency */,
			);
			fileSystemSynchronizedGroups = (
				E01AD9C32D8658A4005145F9 /* NYTimesAppTests */,
			);
			name = NYTimesAppTests;
			packageProductDependencies = (
			);
			productName = NYTimesAppTests;
			productReference = E01AD9C02D8658A4005145F9 /* NYTimesAppTests.xctest */;
			productType = "com.apple.product-type.bundle.unit-test";
		};
		E01AD9C92D8658A4005145F9 /* NYTimesAppUITests */ = {
			isa = PBXNativeTarget;
			buildConfigurationList = E01AD9DA2D8658A4005145F9 /* Build configuration list for PBXNativeTarget "NYTimesAppUITests" */;
			buildPhases = (
				E01AD9C62D8658A4005145F9 /* Sources */,
				E01AD9C72D8658A4005145F9 /* Frameworks */,
				E01AD9C82D8658A4005145F9 /* Resources */,
			);
			buildRules = (
			);
			dependencies = (
				E01AD9CC2D8658A4005145F9 /* PBXTargetDependency */,
			);
			fileSystemSynchronizedGroups = (
				E01AD9CD2D8658A4005145F9 /* NYTimesAppUITests */,
			);
			name = NYTimesAppUITests;
			packageProductDependencies = (
			);
			productName = NYTimesAppUITests;
			productReference = E01AD9CA2D8658A4005145F9 /* NYTimesAppUITests.xctest */;
			productType = "com.apple.product-type.bundle.ui-testing";
		};
/* End PBXNativeTarget section */

/* Begin PBXProject section */
		E01AD9A82D8658A2005145F9 /* Project object */ = {
			isa = PBXProject;
			attributes = {
				BuildIndependentTargetsInParallel = 1;
				LastSwiftUpdateCheck = 1620;
				LastUpgradeCheck = 1620;
				TargetAttributes = {
					E01AD9AF2D8658A2005145F9 = {
						CreatedOnToolsVersion = 16.2;
					};
					E01AD9BF2D8658A4005145F9 = {
						CreatedOnToolsVersion = 16.2;
						TestTargetID = E01AD9AF2D8658A2005145F9;
					};
					E01AD9C92D8658A4005145F9 = {
						CreatedOnToolsVersion = 16.2;
						TestTargetID = E01AD9AF2D8658A2005145F9;
					};
				};
			};
			buildConfigurationList = E01AD9AB2D8658A2005145F9 /* Build configuration list for PBXProject "NYTimesApp" */;
			developmentRegion = en;
			hasScannedForEncodings = 0;
			knownRegions = (
				en,
				Base,
			);
			mainGroup = E01AD9A72D8658A2005145F9;
			minimizedProjectReferenceProxies = 1;
			preferredProjectObjectVersion = 77;
			productRefGroup = E01AD9B12D8658A2005145F9 /* Products */;
			projectDirPath = "";
			projectRoot = "";
			targets = (
				E01AD9AF2D8658A2005145F9 /* NYTimesApp */,
				E01AD9BF2D8658A4005145F9 /* NYTimesAppTests */,
				E01AD9C92D8658A4005145F9 /* NYTimesAppUITests */,
			);
		};
/* End PBXProject section */

/* Begin PBXResourcesBuildPhase section */
		E01AD9AE2D8658A2005145F9 /* Resources */ = {
			isa = PBXResourcesBuildPhase;
			buildActionMask = 2147483647;
			files = (
			);
			runOnlyForDeploymentPostprocessing = 0;
		};
		E01AD9BE2D8658A4005145F9 /* Resources */ = {
			isa = PBXResourcesBuildPhase;
			buildActionMask = 2147483647;
			files = (
			);
			runOnlyForDeploymentPostprocessing = 0;
		};
		E01AD9C82D8658A4005145F9 /* Resources */ = {
			isa = PBXResourcesBuildPhase;
			buildActionMask = 2147483647;
			files = (
			);
			runOnlyForDeploymentPostprocessing = 0;
		};
/* End PBXResourcesBuildPhase section */

/* Begin PBXSourcesBuildPhase section */
		E01AD9AC2D8658A2005145F9 /* Sources */ = {
			isa = PBXSourcesBuildPhase;
			buildActionMask = 2147483647;
			files = (
			);
			runOnlyForDeploymentPostprocessing = 0;
		};
		E01AD9BC2D8658A4005145F9 /* Sources */ = {
			isa = PBXSourcesBuildPhase;
			buildActionMask = 2147483647;
			files = (
			);
			runOnlyForDeploymentPostprocessing = 0;
		};
		E01AD9C62D8658A4005145F9 /* Sources */ = {
			isa = PBXSourcesBuildPhase;
			buildActionMask = 2147483647;
			files = (
			);
			runOnlyForDeploymentPostprocessing = 0;
		};
/* End PBXSourcesBuildPhase section */

/* Begin PBXTargetDependency section */
		E01AD9C22D8658A4005145F9 /* PBXTargetDependency */ = {
			isa = PBXTargetDependency;
			target = E01AD9AF2D8658A2005145F9 /* NYTimesApp */;
			targetProxy = E01AD9C12D8658A4005145F9 /* PBXContainerItemProxy */;
		};
		E01AD9CC2D8658A4005145F9 /* PBXTargetDependency */ = {
			isa = PBXTargetDependency;
			target = E01AD9AF2D8658A2005145F9 /* NYTimesApp */;
			targetProxy = E01AD9CB2D8658A4005145F9 /* PBXContainerItemProxy */;
		};
/* End PBXTargetDependency section */

/* Begin XCBuildConfiguration section */
		E01AD9D22D8658A4005145F9 /* Debug */ = {
			isa = XCBuildConfiguration;
			buildSettings = {
				ALWAYS_SEARCH_USER_PATHS = NO;
				ASSETCATALOG_COMPILER_GENERATE_SWIFT_ASSET_SYMBOL_EXTENSIONS = YES;
				CLANG_ANALYZER_NONNULL = YES;
				CLANG_ANALYZER_NUMBER_OBJECT_CONVERSION = YES_AGGRESSIVE;
				CLANG_CXX_LANGUAGE_STANDARD = "gnu++20";
				CLANG_ENABLE_MODULES = YES;
				CLANG_ENABLE_OBJC_ARC = YES;
				CLANG_ENABLE_OBJC_WEAK = YES;
				CLANG_WARN_BLOCK_CAPTURE_AUTORELEASING = YES;
				CLANG_WARN_BOOL_CONVERSION = YES;
				CLANG_WARN_COMMA = YES;
				CLANG_WARN_CONSTANT_CONVERSION = YES;
				CLANG_WARN_DEPRECATED_OBJC_IMPLEMENTATIONS = YES;
				CLANG_WARN_DIRECT_OBJC_ISA_USAGE = YES_ERROR;
				CLANG_WARN_DOCUMENTATION_COMMENTS = YES;
				CLANG_WARN_EMPTY_BODY = YES;
				CLANG_WARN_ENUM_CONVERSION = YES;
				CLANG_WARN_INFINITE_RECURSION = YES;
				CLANG_WARN_INT_CONVERSION = YES;
				CLANG_WARN_NON_LITERAL_NULL_CONVERSION = YES;
				CLANG_WARN_OBJC_IMPLICIT_RETAIN_SELF = YES;
				CLANG_WARN_OBJC_LITERAL_CONVERSION = YES;
				CLANG_WARN_OBJC_ROOT_CLASS = YES_ERROR;
				CLANG_WARN_QUOTED_INCLUDE_IN_FRAMEWORK_HEADER = YES;
				CLANG_WARN_RANGE_LOOP_ANALYSIS = YES;
				CLANG_WARN_STRICT_PROTOTYPES = YES;
				CLANG_WARN_SUSPICIOUS_MOVE = YES;
				CLANG_WARN_UNGUARDED_AVAILABILITY = YES_AGGRESSIVE;
				CLANG_WARN_UNREACHABLE_CODE = YES;
				CLANG_WARN__DUPLICATE_METHOD_MATCH = YES;
				COPY_PHASE_STRIP = NO;
				DEBUG_INFORMATION_FORMAT = dwarf;
				ENABLE_STRICT_OBJC_MSGSEND = YES;
				ENABLE_TESTABILITY = YES;
				ENABLE_USER_SCRIPT_SANDBOXING = YES;
				GCC_C_LANGUAGE_STANDARD = gnu17;
				GCC_DYNAMIC_NO_PIC = NO;
				GCC_NO_COMMON_BLOCKS = YES;
				GCC_OPTIMIZATION_LEVEL = 0;
				GCC_PREPROCESSOR_DEFINITIONS = (
					"DEBUG=1",
					"$(inherited)",
				);
				GCC_WARN_64_TO_32_BIT_CONVERSION = YES;
				GCC_WARN_ABOUT_RETURN_TYPE = YES_ERROR;
				GCC_WARN_UNDECLARED_SELECTOR = YES;
				GCC_WARN_UNINITIALIZED_AUTOS = YES_AGGRESSIVE;
				GCC_WARN_UNUSED_FUNCTION = YES;
				GCC_WARN_UNUSED_VARIABLE = YES;
				IPHONEOS_DEPLOYMENT_TARGET = 18.2;
				LOCALIZATION_PREFERS_STRING_CATALOGS = YES;
				MTL_ENABLE_DEBUG_INFO = INCLUDE_SOURCE;
				MTL_FAST_MATH = YES;
				ONLY_ACTIVE_ARCH = YES;
				SDKROOT = iphoneos;
				SWIFT_ACTIVE_COMPILATION_CONDITIONS = "DEBUG $(inherited)";
				SWIFT_OPTIMIZATION_LEVEL = "-Onone";
			};
			name = Debug;
		};
		E01AD9D32D8658A4005145F9 /* Release */ = {
			isa = XCBuildConfiguration;
			buildSettings = {
				ALWAYS_SEARCH_USER_PATHS = NO;
				ASSETCATALOG_COMPILER_GENERATE_SWIFT_ASSET_SYMBOL_EXTENSIONS = YES;
				CLANG_ANALYZER_NONNULL = YES;
				CLANG_ANALYZER_NUMBER_OBJECT_CONVERSION = YES_AGGRESSIVE;
				CLANG_CXX_LANGUAGE_STANDARD = "gnu++20";
				CLANG_ENABLE_MODULES = YES;
				CLANG_ENABLE_OBJC_ARC = YES;
				CLANG_ENABLE_OBJC_WEAK = YES;
				CLANG_WARN_BLOCK_CAPTURE_AUTORELEASING = YES;
				CLANG_WARN_BOOL_CONVERSION = YES;
				CLANG_WARN_COMMA = YES;
				CLANG_WARN_CONSTANT_CONVERSION = YES;
				CLANG_WARN_DEPRECATED_OBJC_IMPLEMENTATIONS = YES;
				CLANG_WARN_DIRECT_OBJC_ISA_USAGE = YES_ERROR;
				CLANG_WARN_DOCUMENTATION_COMMENTS = YES;
				CLANG_WARN_EMPTY_BODY = YES;
				CLANG_WARN_ENUM_CONVERSION = YES;
				CLANG_WARN_INFINITE_RECURSION = YES;
				CLANG_WARN_INT_CONVERSION = YES;
				CLANG_WARN_NON_LITERAL_NULL_CONVERSION = YES;
				CLANG_WARN_OBJC_IMPLICIT_RETAIN_SELF = YES;
				CLANG_WARN_OBJC_LITERAL_CONVERSION = YES;
				CLANG_WARN_OBJC_ROOT_CLASS = YES_ERROR;
				CLANG_WARN_QUOTED_INCLUDE_IN_FRAMEWORK_HEADER = YES;
				CLANG_WARN_RANGE_LOOP_ANALYSIS = YES;
				CLANG_WARN_STRICT_PROTOTYPES = YES;
				CLANG_WARN_SUSPICIOUS_MOVE = YES;
				CLANG_WARN_UNGUARDED_AVAILABILITY = YES_AGGRESSIVE;
				CLANG_WARN_UNREACHABLE_CODE = YES;
				CLANG_WARN__DUPLICATE_METHOD_MATCH = YES;
				COPY_PHASE_STRIP = NO;
				DEBUG_INFORMATION_FORMAT = "dwarf-with-dsym";
				ENABLE_NS_ASSERTIONS = NO;
				ENABLE_STRICT_OBJC_MSGSEND = YES;
				ENABLE_USER_SCRIPT_SANDBOXING = YES;
				GCC_C_LANGUAGE_STANDARD = gnu17;
				GCC_NO_COMMON_BLOCKS = YES;
				GCC_WARN_64_TO_32_BIT_CONVERSION = YES;
				GCC_WARN_ABOUT_RETURN_TYPE = YES_ERROR;
				GCC_WARN_UNDECLARED_SELECTOR = YES;
				GCC_WARN_UNINITIALIZED_AUTOS = YES_AGGRESSIVE;
				GCC_WARN_UNUSED_FUNCTION = YES;
				GCC_WARN_UNUSED_VARIABLE = YES;
				IPHONEOS_DEPLOYMENT_TARGET = 18.2;
				LOCALIZATION_PREFERS_STRING_CATALOGS = YES;
				MTL_ENABLE_DEBUG_INFO = NO;
				MTL_FAST_MATH = YES;
				SDKROOT = iphoneos;
				SWIFT_COMPILATION_MODE = wholemodule;
				VALIDATE_PRODUCT = YES;
			};
			name = Release;
		};
		E01AD9D52D8658A4005145F9 /* Debug */ = {
			isa = XCBuildConfiguration;
			buildSettings = {
				ASSETCATALOG_COMPILER_APPICON_NAME = AppIcon;
				ASSETCATALOG_COMPILER_GLOBAL_ACCENT_COLOR_NAME = AccentColor;
				CODE_SIGN_STYLE = Automatic;
				CURRENT_PROJECT_VERSION = 1;
				DEVELOPMENT_ASSET_PATHS = "\"NYTimesApp/Preview Content\"";
				ENABLE_PREVIEWS = YES;
				GENERATE_INFOPLIST_FILE = YES;
				INFOPLIST_FILE = NYTimesApp/Info.plist;
				INFOPLIST_KEY_UIApplicationSceneManifest_Generation = YES;
				INFOPLIST_KEY_UIApplicationSupportsIndirectInputEvents = YES;
				INFOPLIST_KEY_UILaunchScreen_Generation = YES;
				INFOPLIST_KEY_UISupportedInterfaceOrientations_iPad = "UIInterfaceOrientationPortrait UIInterfaceOrientationPortraitUpsideDown UIInterfaceOrientationLandscapeLeft UIInterfaceOrientationLandscapeRight";
				INFOPLIST_KEY_UISupportedInterfaceOrientations_iPhone = "UIInterfaceOrientationPortrait UIInterfaceOrientationLandscapeLeft UIInterfaceOrientationLandscapeRight";
				LD_RUNPATH_SEARCH_PATHS = (
					"$(inherited)",
					"@executable_path/Frameworks",
				);
				MARKETING_VERSION = 1.0;
				PRODUCT_BUNDLE_IDENTIFIER = com.NYTimesApp;
				PRODUCT_NAME = "$(TARGET_NAME)";
				SWIFT_EMIT_LOC_STRINGS = YES;
				SWIFT_VERSION = 5.0;
				TARGETED_DEVICE_FAMILY = "1,2";
			};
			name = Debug;
		};
		E01AD9D62D8658A4005145F9 /* Release */ = {
			isa = XCBuildConfiguration;
			buildSettings = {
				ASSETCATALOG_COMPILER_APPICON_NAME = AppIcon;
				ASSETCATALOG_COMPILER_GLOBAL_ACCENT_COLOR_NAME = AccentColor;
				CODE_SIGN_STYLE = Automatic;
				CURRENT_PROJECT_VERSION = 1;
				DEVELOPMENT_ASSET_PATHS = "\"NYTimesApp/Preview Content\"";
				ENABLE_PREVIEWS = YES;
				GENERATE_INFOPLIST_FILE = YES;
				INFOPLIST_FILE = NYTimesApp/Info.plist;
				INFOPLIST_KEY_UIApplicationSceneManifest_Generation = YES;
				INFOPLIST_KEY_UIApplicationSupportsIndirectInputEvents = YES;
				INFOPLIST_KEY_UILaunchScreen_Generation = YES;
				INFOPLIST_KEY_UISupportedInterfaceOrientations_iPad = "UIInterfaceOrientationPortrait UIInterfaceOrientationPortraitUpsideDown UIInterfaceOrientationLandscapeLeft UIInterfaceOrientationLandscapeRight";
				INFOPLIST_KEY_UISupportedInterfaceOrientations_iPhone = "UIInterfaceOrientationPortrait UIInterfaceOrientationLandscapeLeft UIInterfaceOrientationLandscapeRight";
				LD_RUNPATH_SEARCH_PATHS = (
					"$(inherited)",
					"@executable_path/Frameworks",
				);
				MARKETING_VERSION = 1.0;
				PRODUCT_BUNDLE_IDENTIFIER = com.NYTimesApp;
				PRODUCT_NAME = "$(TARGET_NAME)";
				SWIFT_EMIT_LOC_STRINGS = YES;
				SWIFT_VERSION = 5.0;
				TARGETED_DEVICE_FAMILY = "1,2";
			};
			name = Release;
		};
		E01AD9D82D8658A4005145F9 /* Debug */ = {
			isa = XCBuildConfiguration;
			buildSettings = {
				BUNDLE_LOADER = "$(TEST_HOST)";
				CODE_SIGN_STYLE = Automatic;
				CURRENT_PROJECT_VERSION = 1;
				GENERATE_INFOPLIST_FILE = YES;
				IPHONEOS_DEPLOYMENT_TARGET = 18.2;
				MARKETING_VERSION = 1.0;
				PRODUCT_BUNDLE_IDENTIFIER = com.NYTimesAppTests;
				PRODUCT_NAME = "$(TARGET_NAME)";
				SWIFT_EMIT_LOC_STRINGS = NO;
				SWIFT_VERSION = 5.0;
				TARGETED_DEVICE_FAMILY = "1,2";
				TEST_HOST = "$(BUILT_PRODUCTS_DIR)/NYTimesApp.app/$(BUNDLE_EXECUTABLE_FOLDER_PATH)/NYTimesApp";
			};
			name = Debug;
		};
		E01AD9D92D8658A4005145F9 /* Release */ = {
			isa = XCBuildConfiguration;
			buildSettings = {
				BUNDLE_LOADER = "$(TEST_HOST)";
				CODE_SIGN_STYLE = Automatic;
				CURRENT_PROJECT_VERSION = 1;
				GENERATE_INFOPLIST_FILE = YES;
				IPHONEOS_DEPLOYMENT_TARGET = 18.2;
				MARKETING_VERSION = 1.0;
				PRODUCT_BUNDLE_IDENTIFIER = com.NYTimesAppTests;
				PRODUCT_NAME = "$(TARGET_NAME)";
				SWIFT_EMIT_LOC_STRINGS = NO;
				SWIFT_VERSION = 5.0;
				TARGETED_DEVICE_FAMILY = "1,2";
				TEST_HOST = "$(BUILT_PRODUCTS_DIR)/NYTimesApp.app/$(BUNDLE_EXECUTABLE_FOLDER_PATH)/NYTimesApp";
			};
			name = Release;
		};
		E01AD9DB2D8658A4005145F9 /* Debug */ = {
			isa = XCBuildConfiguration;
			buildSettings = {
				CODE_SIGN_STYLE = Automatic;
				CURRENT_PROJECT_VERSION = 1;
				GENERATE_INFOPLIST_FILE = YES;
				MARKETING_VERSION = 1.0;
				PRODUCT_BUNDLE_IDENTIFIER = com.NYTimesAppUITests;
				PRODUCT_NAME = "$(TARGET_NAME)";
				SWIFT_EMIT_LOC_STRINGS = NO;
				SWIFT_VERSION = 5.0;
				TARGETED_DEVICE_FAMILY = "1,2";
				TEST_TARGET_NAME = NYTimesApp;
			};
			name = Debug;
		};
		E01AD9DC2D8658A4005145F9 /* Release */ = {
			isa = XCBuildConfiguration;
			buildSettings = {
				CODE_SIGN_STYLE = Automatic;
				CURRENT_PROJECT_VERSION = 1;
				GENERATE_INFOPLIST_FILE = YES;
				MARKETING_VERSION = 1.0;
				PRODUCT_BUNDLE_IDENTIFIER = com.NYTimesAppUITests;
				PRODUCT_NAME = "$(TARGET_NAME)";
				SWIFT_EMIT_LOC_STRINGS = NO;
				SWIFT_VERSION = 5.0;
				TARGETED_DEVICE_FAMILY = "1,2";
				TEST_TARGET_NAME = NYTimesApp;
			};
			name = Release;
		};
/* End XCBuildConfiguration section */

/* Begin XCConfigurationList section */
		E01AD9AB2D8658A2005145F9 /* Build configuration list for PBXProject "NYTimesApp" */ = {
			isa = XCConfigurationList;
			buildConfigurations = (
				E01AD9D22D8658A4005145F9 /* Debug */,
				E01AD9D32D8658A4005145F9 /* Release */,
			);
			defaultConfigurationIsVisible = 0;
			defaultConfigurationName = Release;
		};
		E01AD9D42D8658A4005145F9 /* Build configuration list for PBXNativeTarget "NYTimesApp" */ = {
			isa = XCConfigurationList;
			buildConfigurations = (
				E01AD9D52D8658A4005145F9 /* Debug */,
				E01AD9D62D8658A4005145F9 /* Release */,
			);
			defaultConfigurationIsVisible = 0;
			defaultConfigurationName = Release;
		};
		E01AD9D72D8658A4005145F9 /* Build configuration list for PBXNativeTarget "NYTimesAppTests" */ = {
			isa = XCConfigurationList;
			buildConfigurations = (
				E01AD9D82D8658A4005145F9 /* Debug */,
				E01AD9D92D8658A4005145F9 /* Release */,
			);
			defaultConfigurationIsVisible = 0;
			defaultConfigurationName = Release;
		};
		E01AD9DA2D8658A4005145F9 /* Build configuration list for PBXNativeTarget "NYTimesAppUITests" */ = {
			isa = XCConfigurationList;
			buildConfigurations = (
				E01AD9DB2D8658A4005145F9 /* Debug */,
				E01AD9DC2D8658A4005145F9 /* Release */,
			);
			defaultConfigurationIsVisible = 0;
			defaultConfigurationName = Release;
		};
/* End XCConfigurationList section */
	};
	rootObject = E01AD9A82D8658A2005145F9 /* Project object */;
}
